
Microsoft Visual Studio Solution File, Format Version 12.00
# Visual Studio Version 17
VisualStudioVersion = 17.3.32819.101
MinimumVisualStudioVersion = 10.0.40219.1
Project("{FAE04EC0-301F-11D3-BF4B-00C04F79EFBC}") = "QA_APP_Test_Project", "QA_APP_Test_Project.csproj", "{CAFC1825-20CE-4240-B057-0143D210604E}"
EndProject
Global
	GlobalSection(SolutionConfigurationPlatforms) = preSolution
		Debug|Any CPU = Debug|Any CPU
		Release|Any CPU = Release|Any CPU
	EndGlobalSection
	GlobalSection(ProjectConfigurationPlatforms) = postSolution
		{CAFC1825-20CE-4240-B057-0143D210604E}.Debug|Any CPU.ActiveCfg = Debug|Any CPU
		{CAFC1825-20CE-4240-B057-0143D210604E}.Debug|Any CPU.Build.0 = Debug|Any CPU
		{CAFC1825-20CE-4240-B057-0143D210604E}.Release|Any CPU.ActiveCfg = Release|Any CPU
		{CAFC1825-20CE-4240-B057-0143D210604E}.Release|Any CPU.Build.0 = Release|Any CPU
	EndGlobalSection
	GlobalSection(SolutionProperties) = preSolution
		HideSolutionNode = FALSE
	EndGlobalSection
	GlobalSection(ExtensibilityGlobals) = postSolution
		SolutionGuid = {6BC2C3DE-2AEF-49AF-828A-EFFEC7EE9C06}
	EndGlobalSection
EndGlobal
